
Microsoft Visual Studio Solution File, Format Version 12.00
# Visual Studio Version 16
VisualStudioVersion = 16.0.31205.134
MinimumVisualStudioVersion = 10.0.40219.1
Project("{FAE04EC0-301F-11D3-BF4B-00C04F79EFBC}") = "guess a number", "guess a number.csproj", "{63806C62-14DE-4ACB-B32F-E8FE1508B1D4}"
EndProject
Global
	GlobalSection(SolutionConfigurationPlatforms) = preSolution
		Debug|Any CPU = Debug|Any CPU
		Release|Any CPU = Release|Any CPU
	EndGlobalSection
	GlobalSection(ProjectConfigurationPlatforms) = postSolution
		{63806C62-14DE-4ACB-B32F-E8FE1508B1D4}.Debug|Any CPU.ActiveCfg = Debug|Any CPU
		{63806C62-14DE-4ACB-B32F-E8FE1508B1D4}.Debug|Any CPU.Build.0 = Debug|Any CPU
		{63806C62-14DE-4ACB-B32F-E8FE1508B1D4}.Release|Any CPU.ActiveCfg = Release|Any CPU
		{63806C62-14DE-4ACB-B32F-E8FE1508B1D4}.Release|Any CPU.Build.0 = Release|Any CPU
	EndGlobalSection
	GlobalSection(SolutionProperties) = preSolution
		HideSolutionNode = FALSE
	EndGlobalSection
	GlobalSection(ExtensibilityGlobals) = postSolution
		SolutionGuid = {4D5EDB63-AA2A-4ED8-905E-32EBD47D1751}
	EndGlobalSection
EndGlobal
